
Microsoft Visual Studio Solution File, Format Version 12.00
# Visual Studio 2012
Project("{FAE04EC0-301F-11D3-BF4B-00C04F79EFBC}") = "GiveItA.Rest.win", "win\GiveItA.Rest.win.csproj", "{FD6AA6DB-5D39-4450-8B36-DC4378EC82E3}"
EndProject
Project("{FAE04EC0-301F-11D3-BF4B-00C04F79EFBC}") = "GiveItA.Rest.phone", "phone\GiveItA.Rest.phone.csproj", "{F2D06695-2394-46B2-A4C4-483F909246FB}"
EndProject
Global
	GlobalSection(SolutionConfigurationPlatforms) = preSolution
		Debug|Any CPU = Debug|Any CPU
		Release|Any CPU = Release|Any CPU
	EndGlobalSection
	GlobalSection(ProjectConfigurationPlatforms) = postSolution
		{FD6AA6DB-5D39-4450-8B36-DC4378EC82E3}.Debug|Any CPU.ActiveCfg = Debug|Any CPU
		{FD6AA6DB-5D39-4450-8B36-DC4378EC82E3}.Debug|Any CPU.Build.0 = Debug|Any CPU
		{FD6AA6DB-5D39-4450-8B36-DC4378EC82E3}.Release|Any CPU.ActiveCfg = Release|Any CPU
		{FD6AA6DB-5D39-4450-8B36-DC4378EC82E3}.Release|Any CPU.Build.0 = Release|Any CPU
		{F2D06695-2394-46B2-A4C4-483F909246FB}.Debug|Any CPU.ActiveCfg = Debug|Any CPU
		{F2D06695-2394-46B2-A4C4-483F909246FB}.Debug|Any CPU.Build.0 = Debug|Any CPU
		{F2D06695-2394-46B2-A4C4-483F909246FB}.Release|Any CPU.ActiveCfg = Release|Any CPU
		{F2D06695-2394-46B2-A4C4-483F909246FB}.Release|Any CPU.Build.0 = Release|Any CPU
	EndGlobalSection
	GlobalSection(SolutionProperties) = preSolution
		HideSolutionNode = FALSE
	EndGlobalSection
EndGlobal
